
Microsoft Visual Studio Solution File, Format Version 12.00
# Visual Studio Version 17
VisualStudioVersion = 17.14.36518.9 d17.14
MinimumVisualStudioVersion = 10.0.40219.1
Project("{FAE04EC0-301F-11D3-BF4B-00C04F79EFBC}") = "Ariketa3_Herentzia_eta_Polimorfismoa", "Ariketa3_Herentzia_eta_Polimorfismoa\Ariketa3_Herentzia_eta_Polimorfismoa.csproj", "{BC65C96D-D574-421D-9BCE-592A439BC5F7}"
EndProject
Global
	GlobalSection(SolutionConfigurationPlatforms) = preSolution
		Debug|Any CPU = Debug|Any CPU
		Release|Any CPU = Release|Any CPU
	EndGlobalSection
	GlobalSection(ProjectConfigurationPlatforms) = postSolution
		{BC65C96D-D574-421D-9BCE-592A439BC5F7}.Debug|Any CPU.ActiveCfg = Debug|Any CPU
		{BC65C96D-D574-421D-9BCE-592A439BC5F7}.Debug|Any CPU.Build.0 = Debug|Any CPU
		{BC65C96D-D574-421D-9BCE-592A439BC5F7}.Release|Any CPU.ActiveCfg = Release|Any CPU
		{BC65C96D-D574-421D-9BCE-592A439BC5F7}.Release|Any CPU.Build.0 = Release|Any CPU
	EndGlobalSection
	GlobalSection(SolutionProperties) = preSolution
		HideSolutionNode = FALSE
	EndGlobalSection
	GlobalSection(ExtensibilityGlobals) = postSolution
		SolutionGuid = {E55C03F6-E1A7-441B-938B-D7BE9A0C54AF}
	EndGlobalSection
EndGlobal
