
Microsoft Visual Studio Solution File, Format Version 12.00
# Visual Studio Version 17
VisualStudioVersion = 17.14.36414.22 d17.14
MinimumVisualStudioVersion = 10.0.40219.1
Project("{FAE04EC0-301F-11D3-BF4B-00C04F79EFBC}") = "GrafikoaDLL", "GrafikoaDLL\GrafikoaDLL.csproj", "{1F140B06-F794-43F6-9955-EEE8963DD827}"
EndProject
Global
	GlobalSection(SolutionConfigurationPlatforms) = preSolution
		Debug|Any CPU = Debug|Any CPU
		Release|Any CPU = Release|Any CPU
	EndGlobalSection
	GlobalSection(ProjectConfigurationPlatforms) = postSolution
		{1F140B06-F794-43F6-9955-EEE8963DD827}.Debug|Any CPU.ActiveCfg = Debug|Any CPU
		{1F140B06-F794-43F6-9955-EEE8963DD827}.Debug|Any CPU.Build.0 = Debug|Any CPU
		{1F140B06-F794-43F6-9955-EEE8963DD827}.Release|Any CPU.ActiveCfg = Release|Any CPU
		{1F140B06-F794-43F6-9955-EEE8963DD827}.Release|Any CPU.Build.0 = Release|Any CPU
	EndGlobalSection
	GlobalSection(SolutionProperties) = preSolution
		HideSolutionNode = FALSE
	EndGlobalSection
	GlobalSection(ExtensibilityGlobals) = postSolution
		SolutionGuid = {5FF9ADAD-E9B0-471D-8889-0414A5C34AF8}
	EndGlobalSection
EndGlobal
